{
  "name": "sheetCore",
  "lockfileVersion": 2,
  "requires": true,
  "packages": {
    "": {
      "dependencies": {
        "@types/google-apps-script": "^1.0.55",
        "@types/lodash": "^4.14.184"
      }
    },
    "node_modules/@types/google-apps-script": {
      "version": "1.0.55",
      "resolved": "https://registry.npmjs.org/@types/google-apps-script/-/google-apps-script-1.0.55.tgz",
      "integrity": "sha512-rrZ2jUdroRbbbDNEYTi5HbxiJYa4K5cpanIzRaiK5bnI0GxRtROZUT8Zjt6IIrPp1SUL+8w+T5bR8ZLwF9FkBA=="
    },
    "node_modules/@types/lodash": {
      "version": "4.14.184",
      "resolved": "https://registry.npmjs.org/@types/lodash/-/lodash-4.14.184.tgz",
      "integrity": "sha512-RoZphVtHbxPZizt4IcILciSWiC6dcn+eZ8oX9IWEYfDMcocdd42f7NPI6fQj+6zI8y4E0L7gu2pcZKLGTRaV9Q=="
    }
  },
  "dependencies": {
    "@types/google-apps-script": {
      "version": "1.0.55",
      "resolved": "https://registry.npmjs.org/@types/google-apps-script/-/google-apps-script-1.0.55.tgz",
      "integrity": "sha512-rrZ2jUdroRbbbDNEYTi5HbxiJYa4K5cpanIzRaiK5bnI0GxRtROZUT8Zjt6IIrPp1SUL+8w+T5bR8ZLwF9FkBA=="
    },
    "@types/lodash": {
      "version": "4.14.184",
      "resolved": "https://registry.npmjs.org/@types/lodash/-/lodash-4.14.184.tgz",
      "integrity": "sha512-RoZphVtHbxPZizt4IcILciSWiC6dcn+eZ8oX9IWEYfDMcocdd42f7NPI6fQj+6zI8y4E0L7gu2pcZKLGTRaV9Q=="
    }
  }
}
